# This file is autogenerated, do not edit; changes may be undone by the next 'dep ensure'.


[[projects]]
  digest = "1:bb89a2542933056fcebc2950bb15ec636e623cc43c96597288aa2009f15b0ce1"
  name = "github.com/eclipse/paho.mqtt.golang"
  packages = [
    ".",
    "packets",
  ]
  pruneopts = "UT"
  revision = "adca289fdcf8c883800aafa545bc263452290bae"
  version = "v1.2.0"

[[projects]]
  branch = "master"
  digest = "1:323d0eeaa3893e9f9cf6c11b11e3c5ce949b32d672b037e663b0e98de6f2d004"
  name = "golang.org/x/net"
  packages = [
    "internal/socks",
    "proxy",
    "websocket",
  ]
  pruneopts = "UT"
  revision = "ff2c4b7c35a07b0c1e90ce72aa7bfe41bb66a3cb"

[solve-meta]
  analyzer-name = "dep"
  analyzer-version = 1
  input-imports = ["github.com/eclipse/paho.mqtt.golang"]
  solver-name = "gps-cdcl"
  solver-version = 1
